
Microsoft Visual Studio Solution File, Format Version 12.00
# Visual Studio 2013
VisualStudioVersion = 12.0.21005.1
MinimumVisualStudioVersion = 10.0.40219.1
Project("{FAE04EC0-301F-11D3-BF4B-00C04F79EFBC}") = "ZsfPorject", "ZsfMaster\ZsfPorject.csproj", "{82B80986-3FD9-48AF-A594-3691D4E31ACF}"
EndProject
Project("{FAE04EC0-301F-11D3-BF4B-00C04F79EFBC}") = "ZsfData", "ZsfData\ZsfData.csproj", "{58A33318-6420-4B80-8FBA-3C9AC68D9281}"
EndProject
Global
	GlobalSection(SolutionConfigurationPlatforms) = preSolution
		Debug|Any CPU = Debug|Any CPU
		Release|Any CPU = Release|Any CPU
	EndGlobalSection
	GlobalSection(ProjectConfigurationPlatforms) = postSolution
		{82B80986-3FD9-48AF-A594-3691D4E31ACF}.Debug|Any CPU.ActiveCfg = Debug|Any CPU
		{82B80986-3FD9-48AF-A594-3691D4E31ACF}.Debug|Any CPU.Build.0 = Debug|Any CPU
		{82B80986-3FD9-48AF-A594-3691D4E31ACF}.Release|Any CPU.ActiveCfg = Release|Any CPU
		{82B80986-3FD9-48AF-A594-3691D4E31ACF}.Release|Any CPU.Build.0 = Release|Any CPU
		{58A33318-6420-4B80-8FBA-3C9AC68D9281}.Debug|Any CPU.ActiveCfg = Debug|Any CPU
		{58A33318-6420-4B80-8FBA-3C9AC68D9281}.Debug|Any CPU.Build.0 = Debug|Any CPU
		{58A33318-6420-4B80-8FBA-3C9AC68D9281}.Release|Any CPU.ActiveCfg = Release|Any CPU
		{58A33318-6420-4B80-8FBA-3C9AC68D9281}.Release|Any CPU.Build.0 = Release|Any CPU
	EndGlobalSection
	GlobalSection(SolutionProperties) = preSolution
		HideSolutionNode = FALSE
	EndGlobalSection
EndGlobal
